<?xml version="1.0" encoding="utf-8"?>
<Project ToolsVersion="4.0" xmlns="http://schemas.microsoft.com/developer/msbuild/2003">
  <ItemGroup>
    <Filter Include="src">
      <UniqueIdentifier>{289c4a88-4355-4030-afb5-256bbefa29d0}</UniqueIdentifier>
    </Filter>
  </ItemGroup>
  <ItemGroup>
    <ClCompile Include="..\src\Main.cpp">
      <Filter>src</Filter>
    </ClCompile>
    <ClCompile Include="..\src\StdAfx.cpp">
      <Filter>src</Filter>
    </ClCompile>
  </ItemGroup>
  <ItemGroup>
    <ClInclude Include="..\src\StdAfx.h">
      <Filter>src</Filter>
    </ClInclude>
    <ClInclude Include="..\src\Utility.h">
      <Filter>src</Filter>
    </ClInclude>
    <ClInclude Include="..\src\FileList.h">
      <Filter>src</Filter>
    </ClInclude>
  </ItemGroup>
</Project>